// !$*UTF8*$!
{
	archiveVersion = 1;
	classes = {
	};
	objectVersion = 50;
	objects = {

/* Begin PBXBuildFile section */
		7E6A7FE8212F065600E02D28 /* RegisterFormUITextFieldDelegate.swift in Sources */ = {isa = PBXBuildFile; fileRef = 7E6A7FE7212F065600E02D28 /* RegisterFormUITextFieldDelegate.swift */; };
		7E6A7FEA212F069D00E02D28 /* RegisterFormUITableViewDelegate.swift in Sources */ = {isa = PBXBuildFile; fileRef = 7E6A7FE9212F069D00E02D28 /* RegisterFormUITableViewDelegate.swift */; };
		7E6A7FEC212F07D000E02D28 /* RegisterFormViewControllerCustomMethods.swift in Sources */ = {isa = PBXBuildFile; fileRef = 7E6A7FEB212F07D000E02D28 /* RegisterFormViewControllerCustomMethods.swift */; };
		7E7C8F3221286B21006855F8 /* APIUrlConfiguration.swift in Sources */ = {isa = PBXBuildFile; fileRef = 7E7C8F3121286B21006855F8 /* APIUrlConfiguration.swift */; };
		7E83C7712125DABA005777E7 /* AppDelegate.swift in Sources */ = {isa = PBXBuildFile; fileRef = 7E83C7702125DABA005777E7 /* AppDelegate.swift */; };
		7E83C7732125DABA005777E7 /* RegisterFormViewController.swift in Sources */ = {isa = PBXBuildFile; fileRef = 7E83C7722125DABA005777E7 /* RegisterFormViewController.swift */; };
		7E83C7762125DABA005777E7 /* Main.storyboard in Resources */ = {isa = PBXBuildFile; fileRef = 7E83C7742125DABA005777E7 /* Main.storyboard */; };
		7E83C7792125DABA005777E7 /* RegisterForm.xcdatamodeld in Sources */ = {isa = PBXBuildFile; fileRef = 7E83C7772125DABA005777E7 /* RegisterForm.xcdatamodeld */; };
		7E83C77B2125DABD005777E7 /* Assets.xcassets in Resources */ = {isa = PBXBuildFile; fileRef = 7E83C77A2125DABD005777E7 /* Assets.xcassets */; };
		7E83C77E2125DABD005777E7 /* LaunchScreen.storyboard in Resources */ = {isa = PBXBuildFile; fileRef = 7E83C77C2125DABD005777E7 /* LaunchScreen.storyboard */; };
		7E83C7872125ED9E005777E7 /* Montserrat-Regular.ttf in Resources */ = {isa = PBXBuildFile; fileRef = 7E83C7852125ED9D005777E7 /* Montserrat-Regular.ttf */; };
		7E83C7882125ED9E005777E7 /* GE Dinar One Medium.ttf in Resources */ = {isa = PBXBuildFile; fileRef = 7E83C7862125ED9D005777E7 /* GE Dinar One Medium.ttf */; };
		7E8F05832139B61F00073BAA /* ShowTermsAndConditionsViewController.swift in Sources */ = {isa = PBXBuildFile; fileRef = 7E8F05822139B61F00073BAA /* ShowTermsAndConditionsViewController.swift */; };
		E20156FFA6B8CF29B986EC81 /* libPods-RegisterForm.a in Frameworks */ = {isa = PBXBuildFile; fileRef = F0F85D29F8D2AB506999428A /* libPods-RegisterForm.a */; };
/* End PBXBuildFile section */

/* Begin PBXFileReference section */
		58AE30674631FC6F2563F3A6 /* Pods-RegisterForm.debug.xcconfig */ = {isa = PBXFileReference; includeInIndex = 1; lastKnownFileType = text.xcconfig; name = "Pods-RegisterForm.debug.xcconfig"; path = "Pods/Target Support Files/Pods-RegisterForm/Pods-RegisterForm.debug.xcconfig"; sourceTree = "<group>"; };
		7E6A7FE7212F065600E02D28 /* RegisterFormUITextFieldDelegate.swift */ = {isa = PBXFileReference; lastKnownFileType = sourcecode.swift; path = RegisterFormUITextFieldDelegate.swift; sourceTree = "<group>"; };
		7E6A7FE9212F069D00E02D28 /* RegisterFormUITableViewDelegate.swift */ = {isa = PBXFileReference; lastKnownFileType = sourcecode.swift; path = RegisterFormUITableViewDelegate.swift; sourceTree = "<group>"; };
		7E6A7FEB212F07D000E02D28 /* RegisterFormViewControllerCustomMethods.swift */ = {isa = PBXFileReference; lastKnownFileType = sourcecode.swift; path = RegisterFormViewControllerCustomMethods.swift; sourceTree = "<group>"; };
		7E7C8F3121286B21006855F8 /* APIUrlConfiguration.swift */ = {isa = PBXFileReference; lastKnownFileType = sourcecode.swift; path = APIUrlConfiguration.swift; sourceTree = "<group>"; };
		7E83C76D2125DABA005777E7 /* RegisterForm.app */ = {isa = PBXFileReference; explicitFileType = wrapper.application; includeInIndex = 0; path = RegisterForm.app; sourceTree = BUILT_PRODUCTS_DIR; };
		7E83C7702125DABA005777E7 /* AppDelegate.swift */ = {isa = PBXFileReference; lastKnownFileType = sourcecode.swift; path = AppDelegate.swift; sourceTree = "<group>"; };
		7E83C7722125DABA005777E7 /* RegisterFormViewController.swift */ = {isa = PBXFileReference; lastKnownFileType = sourcecode.swift; path = RegisterFormViewController.swift; sourceTree = "<group>"; };
		7E83C7752125DABA005777E7 /* Base */ = {isa = PBXFileReference; lastKnownFileType = file.storyboard; name = Base; path = Base.lproj/Main.storyboard; sourceTree = "<group>"; };
		7E83C7782125DABA005777E7 /* RegisterForm.xcdatamodel */ = {isa = PBXFileReference; lastKnownFileType = wrapper.xcdatamodel; path = RegisterForm.xcdatamodel; sourceTree = "<group>"; };
		7E83C77A2125DABD005777E7 /* Assets.xcassets */ = {isa = PBXFileReference; lastKnownFileType = folder.assetcatalog; path = Assets.xcassets; sourceTree = "<group>"; };
		7E83C77D2125DABD005777E7 /* Base */ = {isa = PBXFileReference; lastKnownFileType = file.storyboard; name = Base; path = Base.lproj/LaunchScreen.storyboard; sourceTree = "<group>"; };
		7E83C77F2125DABD005777E7 /* Info.plist */ = {isa = PBXFileReference; lastKnownFileType = text.plist.xml; path = Info.plist; sourceTree = "<group>"; };
		7E83C7852125ED9D005777E7 /* Montserrat-Regular.ttf */ = {isa = PBXFileReference; lastKnownFileType = file; path = "Montserrat-Regular.ttf"; sourceTree = "<group>"; };
		7E83C7862125ED9D005777E7 /* GE Dinar One Medium.ttf */ = {isa = PBXFileReference; lastKnownFileType = file; path = "GE Dinar One Medium.ttf"; sourceTree = "<group>"; };
		7E8F05822139B61F00073BAA /* ShowTermsAndConditionsViewController.swift */ = {isa = PBXFileReference; lastKnownFileType = sourcecode.swift; path = ShowTermsAndConditionsViewController.swift; sourceTree = "<group>"; };
		F0F85D29F8D2AB506999428A /* libPods-RegisterForm.a */ = {isa = PBXFileReference; explicitFileType = archive.ar; includeInIndex = 0; path = "libPods-RegisterForm.a"; sourceTree = BUILT_PRODUCTS_DIR; };
		F2A3E6D405B1863DFF326927 /* Pods-RegisterForm.release.xcconfig */ = {isa = PBXFileReference; includeInIndex = 1; lastKnownFileType = text.xcconfig; name = "Pods-RegisterForm.release.xcconfig"; path = "Pods/Target Support Files/Pods-RegisterForm/Pods-RegisterForm.release.xcconfig"; sourceTree = "<group>"; };
/* End PBXFileReference section */

/* Begin PBXFrameworksBuildPhase section */
		7E83C76A2125DABA005777E7 /* Frameworks */ = {
			isa = PBXFrameworksBuildPhase;
			buildActionMask = 2147483647;
			files = (
				E20156FFA6B8CF29B986EC81 /* libPods-RegisterForm.a in Frameworks */,
			);
			runOnlyForDeploymentPostprocessing = 0;
		};
/* End PBXFrameworksBuildPhase section */

/* Begin PBXGroup section */
		7E5E777B84590B7FC5C356F1 /* Pods */ = {
			isa = PBXGroup;
			children = (
				58AE30674631FC6F2563F3A6 /* Pods-RegisterForm.debug.xcconfig */,
				F2A3E6D405B1863DFF326927 /* Pods-RegisterForm.release.xcconfig */,
			);
			name = Pods;
			sourceTree = "<group>";
		};
		7E6A7FE6212F061A00E02D28 /* Extensions */ = {
			isa = PBXGroup;
			children = (
				7E6A7FEE212F07F000E02D28 /* RegisterFormViewController */,
			);
			path = Extensions;
			sourceTree = "<group>";
		};
		7E6A7FED212F07DD00E02D28 /* Delegate */ = {
			isa = PBXGroup;
			children = (
				7E6A7FEF212F07FD00E02D28 /* RegisterFormViewController */,
			);
			path = Delegate;
			sourceTree = "<group>";
		};
		7E6A7FEE212F07F000E02D28 /* RegisterFormViewController */ = {
			isa = PBXGroup;
			children = (
				7E6A7FEB212F07D000E02D28 /* RegisterFormViewControllerCustomMethods.swift */,
			);
			path = RegisterFormViewController;
			sourceTree = "<group>";
		};
		7E6A7FEF212F07FD00E02D28 /* RegisterFormViewController */ = {
			isa = PBXGroup;
			children = (
				7E6A7FE7212F065600E02D28 /* RegisterFormUITextFieldDelegate.swift */,
				7E6A7FE9212F069D00E02D28 /* RegisterFormUITableViewDelegate.swift */,
			);
			path = RegisterFormViewController;
			sourceTree = "<group>";
		};
		7E83C7642125DABA005777E7 = {
			isa = PBXGroup;
			children = (
				7E83C76F2125DABA005777E7 /* RegisterForm */,
				7E83C76E2125DABA005777E7 /* Products */,
				7E5E777B84590B7FC5C356F1 /* Pods */,
				96CA7B5A8940C2B0BE6EF809 /* Frameworks */,
			);
			sourceTree = "<group>";
		};
		7E83C76E2125DABA005777E7 /* Products */ = {
			isa = PBXGroup;
			children = (
				7E83C76D2125DABA005777E7 /* RegisterForm.app */,
			);
			name = Products;
			sourceTree = "<group>";
		};
		7E83C76F2125DABA005777E7 /* RegisterForm */ = {
			isa = PBXGroup;
			children = (
				7E6A7FED212F07DD00E02D28 /* Delegate */,
				7E6A7FE6212F061A00E02D28 /* Extensions */,
				7E83C7892125EDB1005777E7 /* Fonts */,
				7E83C7702125DABA005777E7 /* AppDelegate.swift */,
				7E83C7722125DABA005777E7 /* RegisterFormViewController.swift */,
				7E83C7742125DABA005777E7 /* Main.storyboard */,
				7E83C77A2125DABD005777E7 /* Assets.xcassets */,
				7E83C77C2125DABD005777E7 /* LaunchScreen.storyboard */,
				7E83C77F2125DABD005777E7 /* Info.plist */,
				7E83C7772125DABA005777E7 /* RegisterForm.xcdatamodeld */,
				7E7C8F3121286B21006855F8 /* APIUrlConfiguration.swift */,
				7E8F05822139B61F00073BAA /* ShowTermsAndConditionsViewController.swift */,
			);
			path = RegisterForm;
			sourceTree = "<group>";
		};
		7E83C7892125EDB1005777E7 /* Fonts */ = {
			isa = PBXGroup;
			children = (
				7E83C7862125ED9D005777E7 /* GE Dinar One Medium.ttf */,
				7E83C7852125ED9D005777E7 /* Montserrat-Regular.ttf */,
			);
			path = Fonts;
			sourceTree = "<group>";
		};
		96CA7B5A8940C2B0BE6EF809 /* Frameworks */ = {
			isa = PBXGroup;
			children = (
				F0F85D29F8D2AB506999428A /* libPods-RegisterForm.a */,
			);
			name = Frameworks;
			sourceTree = "<group>";
		};
/* End PBXGroup section */

/* Begin PBXNativeTarget section */
		7E83C76C2125DABA005777E7 /* RegisterForm */ = {
			isa = PBXNativeTarget;
			buildConfigurationList = 7E83C7822125DABD005777E7 /* Build configuration list for PBXNativeTarget "RegisterForm" */;
			buildPhases = (
				22A59C1ABAE46C9E156E7A84 /* [CP] Check Pods Manifest.lock */,
				7E83C7692125DABA005777E7 /* Sources */,
				7E83C76A2125DABA005777E7 /* Frameworks */,
				7E83C76B2125DABA005777E7 /* Resources */,
			);
			buildRules = (
			);
			dependencies = (
			);
			name = RegisterForm;
			productName = RegisterForm;
			productReference = 7E83C76D2125DABA005777E7 /* RegisterForm.app */;
			productType = "com.apple.product-type.application";
		};
/* End PBXNativeTarget section */

/* Begin PBXProject section */
		7E83C7652125DABA005777E7 /* Project object */ = {
			isa = PBXProject;
			attributes = {
				LastSwiftUpdateCheck = 0940;
				LastUpgradeCheck = 0940;
				ORGANIZATIONNAME = "Ahmed Elbasha";
				TargetAttributes = {
					7E83C76C2125DABA005777E7 = {
						CreatedOnToolsVersion = 9.4.1;
					};
				};
			};
			buildConfigurationList = 7E83C7682125DABA005777E7 /* Build configuration list for PBXProject "RegisterForm" */;
			compatibilityVersion = "Xcode 9.3";
			developmentRegion = en;
			hasScannedForEncodings = 0;
			knownRegions = (
				en,
				Base,
			);
			mainGroup = 7E83C7642125DABA005777E7;
			productRefGroup = 7E83C76E2125DABA005777E7 /* Products */;
			projectDirPath = "";
			projectRoot = "";
			targets = (
				7E83C76C2125DABA005777E7 /* RegisterForm */,
			);
		};
/* End PBXProject section */

/* Begin PBXResourcesBuildPhase section */
		7E83C76B2125DABA005777E7 /* Resources */ = {
			isa = PBXResourcesBuildPhase;
			buildActionMask = 2147483647;
			files = (
				7E83C7882125ED9E005777E7 /* GE Dinar One Medium.ttf in Resources */,
				7E83C7872125ED9E005777E7 /* Montserrat-Regular.ttf in Resources */,
				7E83C77E2125DABD005777E7 /* LaunchScreen.storyboard in Resources */,
				7E83C77B2125DABD005777E7 /* Assets.xcassets in Resources */,
				7E83C7762125DABA005777E7 /* Main.storyboard in Resources */,
			);
			runOnlyForDeploymentPostprocessing = 0;
		};
/* End PBXResourcesBuildPhase section */

/* Begin PBXShellScriptBuildPhase section */
		22A59C1ABAE46C9E156E7A84 /* [CP] Check Pods Manifest.lock */ = {
			isa = PBXShellScriptBuildPhase;
			buildActionMask = 2147483647;
			files = (
			);
			inputPaths = (
				"${PODS_PODFILE_DIR_PATH}/Podfile.lock",
				"${PODS_ROOT}/Manifest.lock",
			);
			name = "[CP] Check Pods Manifest.lock";
			outputPaths = (
				"$(DERIVED_FILE_DIR)/Pods-RegisterForm-checkManifestLockResult.txt",
			);
			runOnlyForDeploymentPostprocessing = 0;
			shellPath = /bin/sh;
			shellScript = "diff \"${PODS_PODFILE_DIR_PATH}/Podfile.lock\" \"${PODS_ROOT}/Manifest.lock\" > /dev/null\nif [ $? != 0 ] ; then\n    # print error to STDERR\n    echo \"error: The sandbox is not in sync with the Podfile.lock. Run 'pod install' or update your CocoaPods installation.\" >&2\n    exit 1\nfi\n# This output is used by Xcode 'outputs' to avoid re-running this script phase.\necho \"SUCCESS\" > \"${SCRIPT_OUTPUT_FILE_0}\"\n";
			showEnvVarsInLog = 0;
		};
/* End PBXShellScriptBuildPhase section */

/* Begin PBXSourcesBuildPhase section */
		7E83C7692125DABA005777E7 /* Sources */ = {
			isa = PBXSourcesBuildPhase;
			buildActionMask = 2147483647;
			files = (
				7E6A7FE8212F065600E02D28 /* RegisterFormUITextFieldDelegate.swift in Sources */,
				7E6A7FEC212F07D000E02D28 /* RegisterFormViewControllerCustomMethods.swift in Sources */,
				7E6A7FEA212F069D00E02D28 /* RegisterFormUITableViewDelegate.swift in Sources */,
				7E83C7732125DABA005777E7 /* RegisterFormViewController.swift in Sources */,
				7E7C8F3221286B21006855F8 /* APIUrlConfiguration.swift in Sources */,
				7E8F05832139B61F00073BAA /* ShowTermsAndConditionsViewController.swift in Sources */,
				7E83C7712125DABA005777E7 /* AppDelegate.swift in Sources */,
				7E83C7792125DABA005777E7 /* RegisterForm.xcdatamodeld in Sources */,
			);
			runOnlyForDeploymentPostprocessing = 0;
		};
/* End PBXSourcesBuildPhase section */

/* Begin PBXVariantGroup section */
		7E83C7742125DABA005777E7 /* Main.storyboard */ = {
			isa = PBXVariantGroup;
			children = (
				7E83C7752125DABA005777E7 /* Base */,
			);
			name = Main.storyboard;
			sourceTree = "<group>";
		};
		7E83C77C2125DABD005777E7 /* LaunchScreen.storyboard */ = {
			isa = PBXVariantGroup;
			children = (
				7E83C77D2125DABD005777E7 /* Base */,
			);
			name = LaunchScreen.storyboard;
			sourceTree = "<group>";
		};
/* End PBXVariantGroup section */

/* Begin XCBuildConfiguration section */
		7E83C7802125DABD005777E7 /* Debug */ = {
			isa = XCBuildConfiguration;
			buildSettings = {
				ALWAYS_SEARCH_USER_PATHS = NO;
				CLANG_ANALYZER_NONNULL = YES;
				CLANG_ANALYZER_NUMBER_OBJECT_CONVERSION = YES_AGGRESSIVE;
				CLANG_CXX_LANGUAGE_STANDARD = "gnu++14";
				CLANG_CXX_LIBRARY = "libc++";
				CLANG_ENABLE_MODULES = YES;
				CLANG_ENABLE_OBJC_ARC = YES;
				CLANG_ENABLE_OBJC_WEAK = YES;
				CLANG_WARN_BLOCK_CAPTURE_AUTORELEASING = YES;
				CLANG_WARN_BOOL_CONVERSION = YES;
				CLANG_WARN_COMMA = YES;
				CLANG_WARN_CONSTANT_CONVERSION = YES;
				CLANG_WARN_DEPRECATED_OBJC_IMPLEMENTATIONS = YES;
				CLANG_WARN_DIRECT_OBJC_ISA_USAGE = YES_ERROR;
				CLANG_WARN_DOCUMENTATION_COMMENTS = YES;
				CLANG_WARN_EMPTY_BODY = YES;
				CLANG_WARN_ENUM_CONVERSION = YES;
				CLANG_WARN_INFINITE_RECURSION = YES;
				CLANG_WARN_INT_CONVERSION = YES;
				CLANG_WARN_NON_LITERAL_NULL_CONVERSION = YES;
				CLANG_WARN_OBJC_IMPLICIT_RETAIN_SELF = YES;
				CLANG_WARN_OBJC_LITERAL_CONVERSION = YES;
				CLANG_WARN_OBJC_ROOT_CLASS = YES_ERROR;
				CLANG_WARN_RANGE_LOOP_ANALYSIS = YES;
				CLANG_WARN_STRICT_PROTOTYPES = YES;
				CLANG_WARN_SUSPICIOUS_MOVE = YES;
				CLANG_WARN_UNGUARDED_AVAILABILITY = YES_AGGRESSIVE;
				CLANG_WARN_UNREACHABLE_CODE = YES;
				CLANG_WARN__DUPLICATE_METHOD_MATCH = YES;
				CODE_SIGN_IDENTITY = "iPhone Developer";
				COPY_PHASE_STRIP = NO;
				DEBUG_INFORMATION_FORMAT = dwarf;
				ENABLE_STRICT_OBJC_MSGSEND = YES;
				ENABLE_TESTABILITY = YES;
				GCC_C_LANGUAGE_STANDARD = gnu11;
				GCC_DYNAMIC_NO_PIC = NO;
				GCC_NO_COMMON_BLOCKS = YES;
				GCC_OPTIMIZATION_LEVEL = 0;
				GCC_PREPROCESSOR_DEFINITIONS = (
					"DEBUG=1",
					"$(inherited)",
				);
				GCC_WARN_64_TO_32_BIT_CONVERSION = YES;
				GCC_WARN_ABOUT_RETURN_TYPE = YES_ERROR;
				GCC_WARN_UNDECLARED_SELECTOR = YES;
				GCC_WARN_UNINITIALIZED_AUTOS = YES_AGGRESSIVE;
				GCC_WARN_UNUSED_FUNCTION = YES;
				GCC_WARN_UNUSED_VARIABLE = YES;
				IPHONEOS_DEPLOYMENT_TARGET = 11.4;
				MTL_ENABLE_DEBUG_INFO = YES;
				ONLY_ACTIVE_ARCH = YES;
				SDKROOT = iphoneos;
				SWIFT_ACTIVE_COMPILATION_CONDITIONS = DEBUG;
				SWIFT_OPTIMIZATION_LEVEL = "-Onone";
			};
			name = Debug;
		};
		7E83C7812125DABD005777E7 /* Release */ = {
			isa = XCBuildConfiguration;
			buildSettings = {
				ALWAYS_SEARCH_USER_PATHS = NO;
				CLANG_ANALYZER_NONNULL = YES;
				CLANG_ANALYZER_NUMBER_OBJECT_CONVERSION = YES_AGGRESSIVE;
				CLANG_CXX_LANGUAGE_STANDARD = "gnu++14";
				CLANG_CXX_LIBRARY = "libc++";
				CLANG_ENABLE_MODULES = YES;
				CLANG_ENABLE_OBJC_ARC = YES;
				CLANG_ENABLE_OBJC_WEAK = YES;
				CLANG_WARN_BLOCK_CAPTURE_AUTORELEASING = YES;
				CLANG_WARN_BOOL_CONVERSION = YES;
				CLANG_WARN_COMMA = YES;
				CLANG_WARN_CONSTANT_CONVERSION = YES;
				CLANG_WARN_DEPRECATED_OBJC_IMPLEMENTATIONS = YES;
				CLANG_WARN_DIRECT_OBJC_ISA_USAGE = YES_ERROR;
				CLANG_WARN_DOCUMENTATION_COMMENTS = YES;
				CLANG_WARN_EMPTY_BODY = YES;
				CLANG_WARN_ENUM_CONVERSION = YES;
				CLANG_WARN_INFINITE_RECURSION = YES;
				CLANG_WARN_INT_CONVERSION = YES;
				CLANG_WARN_NON_LITERAL_NULL_CONVERSION = YES;
				CLANG_WARN_OBJC_IMPLICIT_RETAIN_SELF = YES;
				CLANG_WARN_OBJC_LITERAL_CONVERSION = YES;
				CLANG_WARN_OBJC_ROOT_CLASS = YES_ERROR;
				CLANG_WARN_RANGE_LOOP_ANALYSIS = YES;
				CLANG_WARN_STRICT_PROTOTYPES = YES;
				CLANG_WARN_SUSPICIOUS_MOVE = YES;
				CLANG_WARN_UNGUARDED_AVAILABILITY = YES_AGGRESSIVE;
				CLANG_WARN_UNREACHABLE_CODE = YES;
				CLANG_WARN__DUPLICATE_METHOD_MATCH = YES;
				CODE_SIGN_IDENTITY = "iPhone Developer";
				COPY_PHASE_STRIP = NO;
				DEBUG_INFORMATION_FORMAT = "dwarf-with-dsym";
				ENABLE_NS_ASSERTIONS = NO;
				ENABLE_STRICT_OBJC_MSGSEND = YES;
				GCC_C_LANGUAGE_STANDARD = gnu11;
				GCC_NO_COMMON_BLOCKS = YES;
				GCC_WARN_64_TO_32_BIT_CONVERSION = YES;
				GCC_WARN_ABOUT_RETURN_TYPE = YES_ERROR;
				GCC_WARN_UNDECLARED_SELECTOR = YES;
				GCC_WARN_UNINITIALIZED_AUTOS = YES_AGGRESSIVE;
				GCC_WARN_UNUSED_FUNCTION = YES;
				GCC_WARN_UNUSED_VARIABLE = YES;
				IPHONEOS_DEPLOYMENT_TARGET = 11.4;
				MTL_ENABLE_DEBUG_INFO = NO;
				SDKROOT = iphoneos;
				SWIFT_COMPILATION_MODE = wholemodule;
				SWIFT_OPTIMIZATION_LEVEL = "-O";
				VALIDATE_PRODUCT = YES;
			};
			name = Release;
		};
		7E83C7832125DABD005777E7 /* Debug */ = {
			isa = XCBuildConfiguration;
			baseConfigurationReference = 58AE30674631FC6F2563F3A6 /* Pods-RegisterForm.debug.xcconfig */;
			buildSettings = {
				ASSETCATALOG_COMPILER_APPICON_NAME = AppIcon;
				CODE_SIGN_STYLE = Automatic;
				INFOPLIST_FILE = RegisterForm/Info.plist;
				LD_RUNPATH_SEARCH_PATHS = (
					"$(inherited)",
					"@executable_path/Frameworks",
				);
				PRODUCT_BUNDLE_IDENTIFIER = "Ahmed-Elbasha.RegisterForm";
				PRODUCT_NAME = "$(TARGET_NAME)";
				SWIFT_VERSION = 4.0;
				TARGETED_DEVICE_FAMILY = "1,2";
			};
			name = Debug;
		};
		7E83C7842125DABD005777E7 /* Release */ = {
			isa = XCBuildConfiguration;
			baseConfigurationReference = F2A3E6D405B1863DFF326927 /* Pods-RegisterForm.release.xcconfig */;
			buildSettings = {
				ASSETCATALOG_COMPILER_APPICON_NAME = AppIcon;
				CODE_SIGN_STYLE = Automatic;
				INFOPLIST_FILE = RegisterForm/Info.plist;
				LD_RUNPATH_SEARCH_PATHS = (
					"$(inherited)",
					"@executable_path/Frameworks",
				);
				PRODUCT_BUNDLE_IDENTIFIER = "Ahmed-Elbasha.RegisterForm";
				PRODUCT_NAME = "$(TARGET_NAME)";
				SWIFT_VERSION = 4.0;
				TARGETED_DEVICE_FAMILY = "1,2";
			};
			name = Release;
		};
/* End XCBuildConfiguration section */

/* Begin XCConfigurationList section */
		7E83C7682125DABA005777E7 /* Build configuration list for PBXProject "RegisterForm" */ = {
			isa = XCConfigurationList;
			buildConfigurations = (
				7E83C7802125DABD005777E7 /* Debug */,
				7E83C7812125DABD005777E7 /* Release */,
			);
			defaultConfigurationIsVisible = 0;
			defaultConfigurationName = Release;
		};
		7E83C7822125DABD005777E7 /* Build configuration list for PBXNativeTarget "RegisterForm" */ = {
			isa = XCConfigurationList;
			buildConfigurations = (
				7E83C7832125DABD005777E7 /* Debug */,
				7E83C7842125DABD005777E7 /* Release */,
			);
			defaultConfigurationIsVisible = 0;
			defaultConfigurationName = Release;
		};
/* End XCConfigurationList section */

/* Begin XCVersionGroup section */
		7E83C7772125DABA005777E7 /* RegisterForm.xcdatamodeld */ = {
			isa = XCVersionGroup;
			children = (
				7E83C7782125DABA005777E7 /* RegisterForm.xcdatamodel */,
			);
			currentVersion = 7E83C7782125DABA005777E7 /* RegisterForm.xcdatamodel */;
			path = RegisterForm.xcdatamodeld;
			sourceTree = "<group>";
			versionGroupType = wrapper.xcdatamodel;
		};
/* End XCVersionGroup section */
	};
	rootObject = 7E83C7652125DABA005777E7 /* Project object */;
}
